
Microsoft Visual Studio Solution File, Format Version 12.00
# Visual Studio 15
VisualStudioVersion = 15.0.27428.2037
MinimumVisualStudioVersion = 10.0.40219.1
Project("{FAE04EC0-301F-11D3-BF4B-00C04F79EFBC}") = "Maths", "Maths\Maths.csproj", "{F3E19E53-1066-46B2-9B9E-979407D488A6}"
EndProject
Global
	GlobalSection(SolutionConfigurationPlatforms) = preSolution
		Debug|Any CPU = Debug|Any CPU
		Release|Any CPU = Release|Any CPU
	EndGlobalSection
	GlobalSection(ProjectConfigurationPlatforms) = postSolution
		{F3E19E53-1066-46B2-9B9E-979407D488A6}.Debug|Any CPU.ActiveCfg = Debug|Any CPU
		{F3E19E53-1066-46B2-9B9E-979407D488A6}.Debug|Any CPU.Build.0 = Debug|Any CPU
		{F3E19E53-1066-46B2-9B9E-979407D488A6}.Release|Any CPU.ActiveCfg = Release|Any CPU
		{F3E19E53-1066-46B2-9B9E-979407D488A6}.Release|Any CPU.Build.0 = Release|Any CPU
	EndGlobalSection
	GlobalSection(SolutionProperties) = preSolution
		HideSolutionNode = FALSE
	EndGlobalSection
	GlobalSection(ExtensibilityGlobals) = postSolution
		SolutionGuid = {3E4563E6-7CC9-4FA9-9A9C-7A2963568DFE}
	EndGlobalSection
EndGlobal
